<?xml version="1.0" encoding="UTF-8"?>
<CONFIG>
  <ProjectOptions>
    <Version Value="12"/>
    <General>
      <Flags>
        <MainUnitHasCreateFormStatements Value="False"/>
        <MainUnitHasTitleStatement Value="False"/>
        <MainUnitHasScaledStatement Value="False"/>
      </Flags>
      <SessionStorage Value="InProjectDir"/>
      <Title Value="NGrams"/>
      <UseAppBundle Value="False"/>
      <ResourceType Value="res"/>
    </General>
    <BuildModes>
      <Item Name="Default" Default="True"/>
      <Item Name="Debug">
        <CompilerOptions>
          <Version Value="11"/>
          <Target>
            <Filename Value="NGrams-Debug"/>
          </Target>
          <SearchPaths>
            <IncludeFiles Value="$(ProjOutDir)"/>
            <OtherUnitFiles Value="WebEngine;libraries/WebEngineUnits;libraries/General-Purpose-Units;libraries/Unicode-Functions;libraries/TemplatesUnit;libraries/Database-Units;DB;libraries/ALogger;DataModule;libraries/DataModule;libraries/Threading;../my-units/General-Purpose-Units;../my-units/ALogger;../my-units/Pipeline;StepHandlers;../my-units/Threading;../my-units/Algortihmic-Unit;../my-units/Unicode-Functions;/usr/local/share/src/fpc-3.3.1/fpc/packages/pthreads/src/;/usr/local/share/src/fpc-3.3.1/fpc/packages/fcl-base/src/;/usr/local/share/src/fpc-3.3.1/fpc/packages/rtl-console/src/unix/;Protos/RawData;../my-units/PB2PAS;../my-units/Hash-Units"/>
            <UnitOutputDirectory Value="lib/$(TargetCPU)-$(TargetOS)"/>
          </SearchPaths>
          <Parsing>
            <SyntaxOptions>
              <IncludeAssertionCode Value="True"/>
            </SyntaxOptions>
          </Parsing>
          <CodeGeneration>
            <Checks>
              <IOChecks Value="True"/>
              <RangeChecks Value="True"/>
              <OverflowChecks Value="True"/>
              <StackChecks Value="True"/>
            </Checks>
            <VerifyObjMethodCallValidity Value="True"/>
          </CodeGeneration>
        </CompilerOptions>
      </Item>
      <Item Name="Release">
        <CompilerOptions>
          <Version Value="11"/>
          <Target>
            <Filename Value="NGrams-Release"/>
          </Target>
          <SearchPaths>
            <IncludeFiles Value="$(ProjOutDir)"/>
            <OtherUnitFiles Value="../my-units/General-Purpose-Units;../my-units/ALogger;../my-units/Pipeline;StepHandlers;../my-units/Threading;../my-units/Algortihmic-Unit;../my-units/Unicode-Functions;Protos/RawData;../my-units/PB2PAS;../my-units/Hash-Units"/>
            <UnitOutputDirectory Value="lib/$(TargetCPU)-$(TargetOS)"/>
          </SearchPaths>
          <CodeGeneration>
            <SmartLinkUnit Value="True"/>
            <Optimizations>
              <OptimizationLevel Value="3"/>
            </Optimizations>
          </CodeGeneration>
          <Linking>
            <Debugging>
              <UseValgrind Value="True"/>
            </Debugging>
            <LinkSmart Value="True"/>
          </Linking>
        </CompilerOptions>
      </Item>
    </BuildModes>
    <PublishOptions>
      <Version Value="2"/>
      <UseFileFilters Value="True"/>
    </PublishOptions>
    <RunParams>
      <FormatVersion Value="2"/>
    </RunParams>
    <Units>
      <Unit>
        <Filename Value="NGrams.lpr"/>
        <IsPartOfProject Value="True"/>
      </Unit>
      <Unit>
        <Filename Value="../my-units/General-Purpose-Units/ParameterManagerUnit.pp"/>
        <IsPartOfProject Value="True"/>
      </Unit>
      <Unit>
        <Filename Value="../my-units/ALogger/ALoggerUnit.pp"/>
        <IsPartOfProject Value="True"/>
      </Unit>
      <Unit>
        <Filename Value="../my-units/Pipeline/PipelineUnit.pp"/>
        <IsPartOfProject Value="True"/>
      </Unit>
      <Unit>
        <Filename Value="StepHandlers/IndexDocumentsUnit.pp"/>
        <IsPartOfProject Value="True"/>
      </Unit>
      <Unit>
        <Filename Value="../my-units/Threading/RunInAThreadUnit.pp"/>
        <IsPartOfProject Value="True"/>
      </Unit>
      <Unit>
        <Filename Value="../my-units/Algortihmic-Unit/HeapUnit.pp"/>
        <IsPartOfProject Value="True"/>
      </Unit>
      <Unit>
        <Filename Value="../my-units/Unicode-Functions/WideStringUnit.pas"/>
        <IsPartOfProject Value="True"/>
      </Unit>
      <Unit>
        <Filename Value="StepHandlers/ExtractParagraphsUnit.pp"/>
        <IsPartOfProject Value="True"/>
      </Unit>
      <Unit>
        <Filename Value="../my-units/Pipeline/Pipeline.TypesUnit.pp"/>
        <IsPartOfProject Value="True"/>
      </Unit>
      <Unit>
        <Filename Value="/usr/local/share/src/fpc-3.3.1/fpc/packages/pthreads/src/pthreads.pp"/>
        <IsPartOfProject Value="True"/>
      </Unit>
      <Unit>
        <Filename Value="/usr/local/share/src/fpc-3.3.1/fpc/packages/fcl-base/src/contnrs.pp"/>
        <IsPartOfProject Value="True"/>
        <UnitName Value="Contnrs"/>
      </Unit>
      <Unit>
        <Filename Value="/usr/local/share/src/fpc-3.3.1/fpc/packages/rtl-console/src/unix/crt.pp"/>
        <IsPartOfProject Value="True"/>
        <UnitName Value="Crt"/>
      </Unit>
      <Unit>
        <Filename Value="Protos/RawData/SentenceUnit.pp"/>
        <IsPartOfProject Value="True"/>
      </Unit>
      <Unit>
        <Filename Value="../my-units/PB2PAS/ProtoHelperUnit.pp"/>
        <IsPartOfProject Value="True"/>
      </Unit>
      <Unit>
        <Filename Value="../my-units/Hash-Units/ElfHashUnit.pp"/>
        <IsPartOfProject Value="True"/>
      </Unit>
      <Unit>
        <Filename Value="../my-units/Hash-Units/FastMD5Unit.pp"/>
        <IsPartOfProject Value="True"/>
      </Unit>
      <Unit>
        <Filename Value="../my-units/Pipeline/Pipeline.IOUnit.pp"/>
        <IsPartOfProject Value="True"/>
      </Unit>
    </Units>
    <Debugger>
      <Backend Value="{DC737B59-B3EC-47E8-BBFA-8F8BE33D2F0D}"/>
    </Debugger>
  </ProjectOptions>
  <CompilerOptions>
    <Version Value="11"/>
    <Target>
      <Filename Value="NGrams"/>
    </Target>
    <SearchPaths>
      <IncludeFiles Value="$(ProjOutDir)"/>
      <OtherUnitFiles Value="../my-units/General-Purpose-Units;../my-units/ALogger;../my-units/Pipeline;StepHandlers;../my-units/Threading;../my-units/Algortihmic-Unit;../my-units/Unicode-Functions;Protos/RawData;../my-units/PB2PAS;../my-units/Hash-Units"/>
      <UnitOutputDirectory Value="lib/$(TargetCPU)-$(TargetOS)"/>
    </SearchPaths>
    <Parsing>
      <SyntaxOptions>
        <IncludeAssertionCode Value="True"/>
        <AllowLabel Value="False"/>
      </SyntaxOptions>
    </Parsing>
    <CodeGeneration>
      <Checks>
        <IOChecks Value="True"/>
        <RangeChecks Value="True"/>
        <OverflowChecks Value="True"/>
        <StackChecks Value="True"/>
      </Checks>
      <VerifyObjMethodCallValidity Value="True"/>
    </CodeGeneration>
    <Linking>
      <Debugging>
        <UseValgrind Value="True"/>
        <UseExternalDbgSyms Value="True"/>
      </Debugging>
    </Linking>
    <Other>
      <Verbosity>
        <ShoLineNum Value="True"/>
      </Verbosity>
    </Other>
  </CompilerOptions>
  <Debugging>
    <Exceptions>
      <Item>
        <Name Value="EAbort"/>
      </Item>
      <Item>
        <Name Value="ECodetoolError"/>
      </Item>
      <Item>
        <Name Value="EFOpenError"/>
      </Item>
    </Exceptions>
  </Debugging>
</CONFIG>
